
Microsoft Visual Studio Solution File, Format Version 12.00
# Visual Studio Version 16
VisualStudioVersion = 16.0.30804.86
MinimumVisualStudioVersion = 10.0.40219.1
Project("{FAE04EC0-301F-11D3-BF4B-00C04F79EFBC}") = "PictureViewer", "PictureViewer.csproj", "{6E2EECC4-EF2C-4CEA-BC8E-50F8EB914632}"
EndProject
Global
	GlobalSection(SolutionConfigurationPlatforms) = preSolution
		Debug|Any CPU = Debug|Any CPU
		Release|Any CPU = Release|Any CPU
	EndGlobalSection
	GlobalSection(ProjectConfigurationPlatforms) = postSolution
		{6E2EECC4-EF2C-4CEA-BC8E-50F8EB914632}.Debug|Any CPU.ActiveCfg = Debug|Any CPU
		{6E2EECC4-EF2C-4CEA-BC8E-50F8EB914632}.Debug|Any CPU.Build.0 = Debug|Any CPU
		{6E2EECC4-EF2C-4CEA-BC8E-50F8EB914632}.Release|Any CPU.ActiveCfg = Release|Any CPU
		{6E2EECC4-EF2C-4CEA-BC8E-50F8EB914632}.Release|Any CPU.Build.0 = Release|Any CPU
	EndGlobalSection
	GlobalSection(SolutionProperties) = preSolution
		HideSolutionNode = FALSE
	EndGlobalSection
	GlobalSection(ExtensibilityGlobals) = postSolution
		SolutionGuid = {73D01871-4A1A-4772-80E0-98EF55F80D5F}
	EndGlobalSection
EndGlobal
