
Microsoft Visual Studio Solution File, Format Version 12.00
# Visual Studio Version 16
VisualStudioVersion = 16.0.30804.86
MinimumVisualStudioVersion = 10.0.40219.1
Project("{FAE04EC0-301F-11D3-BF4B-00C04F79EFBC}") = "BasicCalculator", "BasicCalculator.csproj", "{6BC4C5A4-3384-4B7C-BF89-97D92F93140B}"
EndProject
Global
	GlobalSection(SolutionConfigurationPlatforms) = preSolution
		Debug|Any CPU = Debug|Any CPU
		Release|Any CPU = Release|Any CPU
	EndGlobalSection
	GlobalSection(ProjectConfigurationPlatforms) = postSolution
		{6BC4C5A4-3384-4B7C-BF89-97D92F93140B}.Debug|Any CPU.ActiveCfg = Debug|Any CPU
		{6BC4C5A4-3384-4B7C-BF89-97D92F93140B}.Debug|Any CPU.Build.0 = Debug|Any CPU
		{6BC4C5A4-3384-4B7C-BF89-97D92F93140B}.Release|Any CPU.ActiveCfg = Release|Any CPU
		{6BC4C5A4-3384-4B7C-BF89-97D92F93140B}.Release|Any CPU.Build.0 = Release|Any CPU
	EndGlobalSection
	GlobalSection(SolutionProperties) = preSolution
		HideSolutionNode = FALSE
	EndGlobalSection
	GlobalSection(ExtensibilityGlobals) = postSolution
		SolutionGuid = {397C3BCA-0562-4C08-9C32-06BA2CEFEFA3}
	EndGlobalSection
EndGlobal
